
Microsoft Visual Studio Solution File, Format Version 12.00
# Visual Studio Version 17
VisualStudioVersion = 17.0.31903.59
MinimumVisualStudioVersion = 10.0.40219.1
Project("{2150E333-8FDC-42A3-9474-1A3956D46DE8}") = "src", "src", "{827E0CD3-B72D-47B6-A68D-7590B98EB39B}"
EndProject
Project("{FAE04EC0-301F-11D3-BF4B-00C04F79EFBC}") = "DATERP.Domain.Shared", "src\DATERP.Domain.Shared\DATERP.Domain.Shared.csproj", "{2AE5AD3A-224C-40C5-A885-893B2E920ECA}"
EndProject
Project("{FAE04EC0-301F-11D3-BF4B-00C04F79EFBC}") = "DATERP.Domain", "src\DATERP.Domain\DATERP.Domain.csproj", "{35A77C16-6289-4C43-B091-ECDE2F7CF6B9}"
EndProject
Project("{FAE04EC0-301F-11D3-BF4B-00C04F79EFBC}") = "DATERP.Application.Contracts", "src\DATERP.Application.Contracts\DATERP.Application.Contracts.csproj", "{5E4626FB-F757-42EF-90A6-6D53F54971A7}"
EndProject
Project("{FAE04EC0-301F-11D3-BF4B-00C04F79EFBC}") = "DATERP.Application", "src\DATERP.Application\DATERP.Application.csproj", "{6BE2A255-282D-4090-8C3E-00DF7644ED99}"
EndProject
Project("{2150E333-8FDC-42A3-9474-1A3956D46DE8}") = "themes", "themes", "{90F7E5FD-146B-406A-C97D-A0D358256D37}"
EndProject
Project("{FAE04EC0-301F-11D3-BF4B-00C04F79EFBC}") = "Education", "themes\Education\Education.csproj", "{2E012528-7BBB-4373-A8AD-07A4066651E6}"
EndProject
Project("{2150E333-8FDC-42A3-9474-1A3956D46DE8}") = "modules", "modules", "{CA253913-39DE-BFD0-C9A3-4B7EC6FBDF17}"
EndProject
Project("{2150E333-8FDC-42A3-9474-1A3956D46DE8}") = "Examination", "Examination", "{3A046B0B-BEF7-D676-6CB4-BB8BAD0AF553}"
EndProject
Project("{2150E333-8FDC-42A3-9474-1A3956D46DE8}") = "src", "src", "{0FB60A5C-E003-C256-654E-81783FAB264F}"
EndProject
Project("{FAE04EC0-301F-11D3-BF4B-00C04F79EFBC}") = "DATERP.Examination.Domain", "modules\Examination\src\DATERP.Examination.Domain\DATERP.Examination.Domain.csproj", "{98811432-8A4A-414D-9A1F-CF34FEB50BE9}"
EndProject
Project("{FAE04EC0-301F-11D3-BF4B-00C04F79EFBC}") = "DATERP.Examination.Application", "modules\Examination\src\DATERP.Examination.Application\DATERP.Examination.Application.csproj", "{BBFAC5CF-30BB-4A28-9061-D715AF6A6FB8}"
EndProject
Project("{FAE04EC0-301F-11D3-BF4B-00C04F79EFBC}") = "DATERP.Examination.Application.Contracts", "modules\Examination\src\DATERP.Examination.Application.Contracts\DATERP.Examination.Application.Contracts.csproj", "{A6CFA397-34BD-43D5-90E3-FEAEBE65501D}"
EndProject
Project("{FAE04EC0-301F-11D3-BF4B-00C04F79EFBC}") = "DATERP.Examination.EntityFrameworkCore", "modules\Examination\src\DATERP.Examination.EntityFrameworkCore\DATERP.Examination.EntityFrameworkCore.csproj", "{1298B0CC-36C9-44EA-9DF3-86574CF37BB7}"
EndProject
Project("{FAE04EC0-301F-11D3-BF4B-00C04F79EFBC}") = "DATERP.WinForms", "src\DATERP.WinForms\DATERP.WinForms.csproj", "{E37C4701-A508-4925-9E76-5DBB920CD2B9}"
EndProject
Global
	GlobalSection(SolutionConfigurationPlatforms) = preSolution
		Debug|Any CPU = Debug|Any CPU
		Debug|x64 = Debug|x64
		Debug|x86 = Debug|x86
		Release|Any CPU = Release|Any CPU
		Release|x64 = Release|x64
		Release|x86 = Release|x86
	EndGlobalSection
	GlobalSection(ProjectConfigurationPlatforms) = postSolution
		{2AE5AD3A-224C-40C5-A885-893B2E920ECA}.Debug|Any CPU.ActiveCfg = Debug|Any CPU
		{2AE5AD3A-224C-40C5-A885-893B2E920ECA}.Debug|Any CPU.Build.0 = Debug|Any CPU
		{2AE5AD3A-224C-40C5-A885-893B2E920ECA}.Debug|x64.ActiveCfg = Debug|Any CPU
		{2AE5AD3A-224C-40C5-A885-893B2E920ECA}.Debug|x64.Build.0 = Debug|Any CPU
		{2AE5AD3A-224C-40C5-A885-893B2E920ECA}.Debug|x86.ActiveCfg = Debug|Any CPU
		{2AE5AD3A-224C-40C5-A885-893B2E920ECA}.Debug|x86.Build.0 = Debug|Any CPU
		{2AE5AD3A-224C-40C5-A885-893B2E920ECA}.Release|Any CPU.ActiveCfg = Release|Any CPU
		{2AE5AD3A-224C-40C5-A885-893B2E920ECA}.Release|Any CPU.Build.0 = Release|Any CPU
		{2AE5AD3A-224C-40C5-A885-893B2E920ECA}.Release|x64.ActiveCfg = Release|Any CPU
		{2AE5AD3A-224C-40C5-A885-893B2E920ECA}.Release|x64.Build.0 = Release|Any CPU
		{2AE5AD3A-224C-40C5-A885-893B2E920ECA}.Release|x86.ActiveCfg = Release|Any CPU
		{2AE5AD3A-224C-40C5-A885-893B2E920ECA}.Release|x86.Build.0 = Release|Any CPU
		{35A77C16-6289-4C43-B091-ECDE2F7CF6B9}.Debug|Any CPU.ActiveCfg = Debug|Any CPU
		{35A77C16-6289-4C43-B091-ECDE2F7CF6B9}.Debug|Any CPU.Build.0 = Debug|Any CPU
		{35A77C16-6289-4C43-B091-ECDE2F7CF6B9}.Debug|x64.ActiveCfg = Debug|Any CPU
		{35A77C16-6289-4C43-B091-ECDE2F7CF6B9}.Debug|x64.Build.0 = Debug|Any CPU
		{35A77C16-6289-4C43-B091-ECDE2F7CF6B9}.Debug|x86.ActiveCfg = Debug|Any CPU
		{35A77C16-6289-4C43-B091-ECDE2F7CF6B9}.Debug|x86.Build.0 = Debug|Any CPU
		{35A77C16-6289-4C43-B091-ECDE2F7CF6B9}.Release|Any CPU.ActiveCfg = Release|Any CPU
		{35A77C16-6289-4C43-B091-ECDE2F7CF6B9}.Release|Any CPU.Build.0 = Release|Any CPU
		{35A77C16-6289-4C43-B091-ECDE2F7CF6B9}.Release|x64.ActiveCfg = Release|Any CPU
		{35A77C16-6289-4C43-B091-ECDE2F7CF6B9}.Release|x64.Build.0 = Release|Any CPU
		{35A77C16-6289-4C43-B091-ECDE2F7CF6B9}.Release|x86.ActiveCfg = Release|Any CPU
		{35A77C16-6289-4C43-B091-ECDE2F7CF6B9}.Release|x86.Build.0 = Release|Any CPU
		{5E4626FB-F757-42EF-90A6-6D53F54971A7}.Debug|Any CPU.ActiveCfg = Debug|Any CPU
		{5E4626FB-F757-42EF-90A6-6D53F54971A7}.Debug|Any CPU.Build.0 = Debug|Any CPU
		{5E4626FB-F757-42EF-90A6-6D53F54971A7}.Debug|x64.ActiveCfg = Debug|Any CPU
		{5E4626FB-F757-42EF-90A6-6D53F54971A7}.Debug|x64.Build.0 = Debug|Any CPU
		{5E4626FB-F757-42EF-90A6-6D53F54971A7}.Debug|x86.ActiveCfg = Debug|Any CPU
		{5E4626FB-F757-42EF-90A6-6D53F54971A7}.Debug|x86.Build.0 = Debug|Any CPU
		{5E4626FB-F757-42EF-90A6-6D53F54971A7}.Release|Any CPU.ActiveCfg = Release|Any CPU
		{5E4626FB-F757-42EF-90A6-6D53F54971A7}.Release|Any CPU.Build.0 = Release|Any CPU
		{5E4626FB-F757-42EF-90A6-6D53F54971A7}.Release|x64.ActiveCfg = Release|Any CPU
		{5E4626FB-F757-42EF-90A6-6D53F54971A7}.Release|x64.Build.0 = Release|Any CPU
		{5E4626FB-F757-42EF-90A6-6D53F54971A7}.Release|x86.ActiveCfg = Release|Any CPU
		{5E4626FB-F757-42EF-90A6-6D53F54971A7}.Release|x86.Build.0 = Release|Any CPU
		{6BE2A255-282D-4090-8C3E-00DF7644ED99}.Debug|Any CPU.ActiveCfg = Debug|Any CPU
		{6BE2A255-282D-4090-8C3E-00DF7644ED99}.Debug|Any CPU.Build.0 = Debug|Any CPU
		{6BE2A255-282D-4090-8C3E-00DF7644ED99}.Debug|x64.ActiveCfg = Debug|Any CPU
		{6BE2A255-282D-4090-8C3E-00DF7644ED99}.Debug|x64.Build.0 = Debug|Any CPU
		{6BE2A255-282D-4090-8C3E-00DF7644ED99}.Debug|x86.ActiveCfg = Debug|Any CPU
		{6BE2A255-282D-4090-8C3E-00DF7644ED99}.Debug|x86.Build.0 = Debug|Any CPU
		{6BE2A255-282D-4090-8C3E-00DF7644ED99}.Release|Any CPU.ActiveCfg = Release|Any CPU
		{6BE2A255-282D-4090-8C3E-00DF7644ED99}.Release|Any CPU.Build.0 = Release|Any CPU
		{6BE2A255-282D-4090-8C3E-00DF7644ED99}.Release|x64.ActiveCfg = Release|Any CPU
		{6BE2A255-282D-4090-8C3E-00DF7644ED99}.Release|x64.Build.0 = Release|Any CPU
		{6BE2A255-282D-4090-8C3E-00DF7644ED99}.Release|x86.ActiveCfg = Release|Any CPU
		{6BE2A255-282D-4090-8C3E-00DF7644ED99}.Release|x86.Build.0 = Release|Any CPU
		{2E012528-7BBB-4373-A8AD-07A4066651E6}.Debug|Any CPU.ActiveCfg = Debug|Any CPU
		{2E012528-7BBB-4373-A8AD-07A4066651E6}.Debug|Any CPU.Build.0 = Debug|Any CPU
		{2E012528-7BBB-4373-A8AD-07A4066651E6}.Debug|x64.ActiveCfg = Debug|Any CPU
		{2E012528-7BBB-4373-A8AD-07A4066651E6}.Debug|x64.Build.0 = Debug|Any CPU
		{2E012528-7BBB-4373-A8AD-07A4066651E6}.Debug|x86.ActiveCfg = Debug|Any CPU
		{2E012528-7BBB-4373-A8AD-07A4066651E6}.Debug|x86.Build.0 = Debug|Any CPU
		{2E012528-7BBB-4373-A8AD-07A4066651E6}.Release|Any CPU.ActiveCfg = Release|Any CPU
		{2E012528-7BBB-4373-A8AD-07A4066651E6}.Release|Any CPU.Build.0 = Release|Any CPU
		{2E012528-7BBB-4373-A8AD-07A4066651E6}.Release|x64.ActiveCfg = Release|Any CPU
		{2E012528-7BBB-4373-A8AD-07A4066651E6}.Release|x64.Build.0 = Release|Any CPU
		{2E012528-7BBB-4373-A8AD-07A4066651E6}.Release|x86.ActiveCfg = Release|Any CPU
		{2E012528-7BBB-4373-A8AD-07A4066651E6}.Release|x86.Build.0 = Release|Any CPU
		{98811432-8A4A-414D-9A1F-CF34FEB50BE9}.Debug|Any CPU.ActiveCfg = Debug|Any CPU
		{98811432-8A4A-414D-9A1F-CF34FEB50BE9}.Debug|Any CPU.Build.0 = Debug|Any CPU
		{98811432-8A4A-414D-9A1F-CF34FEB50BE9}.Debug|x64.ActiveCfg = Debug|Any CPU
		{98811432-8A4A-414D-9A1F-CF34FEB50BE9}.Debug|x64.Build.0 = Debug|Any CPU
		{98811432-8A4A-414D-9A1F-CF34FEB50BE9}.Debug|x86.ActiveCfg = Debug|Any CPU
		{98811432-8A4A-414D-9A1F-CF34FEB50BE9}.Debug|x86.Build.0 = Debug|Any CPU
		{98811432-8A4A-414D-9A1F-CF34FEB50BE9}.Release|Any CPU.ActiveCfg = Release|Any CPU
		{98811432-8A4A-414D-9A1F-CF34FEB50BE9}.Release|Any CPU.Build.0 = Release|Any CPU
		{98811432-8A4A-414D-9A1F-CF34FEB50BE9}.Release|x64.ActiveCfg = Release|Any CPU
		{98811432-8A4A-414D-9A1F-CF34FEB50BE9}.Release|x64.Build.0 = Release|Any CPU
		{98811432-8A4A-414D-9A1F-CF34FEB50BE9}.Release|x86.ActiveCfg = Release|Any CPU
		{98811432-8A4A-414D-9A1F-CF34FEB50BE9}.Release|x86.Build.0 = Release|Any CPU
		{BBFAC5CF-30BB-4A28-9061-D715AF6A6FB8}.Debug|Any CPU.ActiveCfg = Debug|Any CPU
		{BBFAC5CF-30BB-4A28-9061-D715AF6A6FB8}.Debug|Any CPU.Build.0 = Debug|Any CPU
		{BBFAC5CF-30BB-4A28-9061-D715AF6A6FB8}.Debug|x64.ActiveCfg = Debug|Any CPU
		{BBFAC5CF-30BB-4A28-9061-D715AF6A6FB8}.Debug|x64.Build.0 = Debug|Any CPU
		{BBFAC5CF-30BB-4A28-9061-D715AF6A6FB8}.Debug|x86.ActiveCfg = Debug|Any CPU
		{BBFAC5CF-30BB-4A28-9061-D715AF6A6FB8}.Debug|x86.Build.0 = Debug|Any CPU
		{BBFAC5CF-30BB-4A28-9061-D715AF6A6FB8}.Release|Any CPU.ActiveCfg = Release|Any CPU
		{BBFAC5CF-30BB-4A28-9061-D715AF6A6FB8}.Release|Any CPU.Build.0 = Release|Any CPU
		{BBFAC5CF-30BB-4A28-9061-D715AF6A6FB8}.Release|x64.ActiveCfg = Release|Any CPU
		{BBFAC5CF-30BB-4A28-9061-D715AF6A6FB8}.Release|x64.Build.0 = Release|Any CPU
		{BBFAC5CF-30BB-4A28-9061-D715AF6A6FB8}.Release|x86.ActiveCfg = Release|Any CPU
		{BBFAC5CF-30BB-4A28-9061-D715AF6A6FB8}.Release|x86.Build.0 = Release|Any CPU
		{A6CFA397-34BD-43D5-90E3-FEAEBE65501D}.Debug|Any CPU.ActiveCfg = Debug|Any CPU
		{A6CFA397-34BD-43D5-90E3-FEAEBE65501D}.Debug|Any CPU.Build.0 = Debug|Any CPU
		{A6CFA397-34BD-43D5-90E3-FEAEBE65501D}.Debug|x64.ActiveCfg = Debug|Any CPU
		{A6CFA397-34BD-43D5-90E3-FEAEBE65501D}.Debug|x64.Build.0 = Debug|Any CPU
		{A6CFA397-34BD-43D5-90E3-FEAEBE65501D}.Debug|x86.ActiveCfg = Debug|Any CPU
		{A6CFA397-34BD-43D5-90E3-FEAEBE65501D}.Debug|x86.Build.0 = Debug|Any CPU
		{A6CFA397-34BD-43D5-90E3-FEAEBE65501D}.Release|Any CPU.ActiveCfg = Release|Any CPU
		{A6CFA397-34BD-43D5-90E3-FEAEBE65501D}.Release|Any CPU.Build.0 = Release|Any CPU
		{A6CFA397-34BD-43D5-90E3-FEAEBE65501D}.Release|x64.ActiveCfg = Release|Any CPU
		{A6CFA397-34BD-43D5-90E3-FEAEBE65501D}.Release|x64.Build.0 = Release|Any CPU
		{A6CFA397-34BD-43D5-90E3-FEAEBE65501D}.Release|x86.ActiveCfg = Release|Any CPU
		{A6CFA397-34BD-43D5-90E3-FEAEBE65501D}.Release|x86.Build.0 = Release|Any CPU
		{1298B0CC-36C9-44EA-9DF3-86574CF37BB7}.Debug|Any CPU.ActiveCfg = Debug|Any CPU
		{1298B0CC-36C9-44EA-9DF3-86574CF37BB7}.Debug|Any CPU.Build.0 = Debug|Any CPU
		{1298B0CC-36C9-44EA-9DF3-86574CF37BB7}.Debug|x64.ActiveCfg = Debug|Any CPU
		{1298B0CC-36C9-44EA-9DF3-86574CF37BB7}.Debug|x64.Build.0 = Debug|Any CPU
		{1298B0CC-36C9-44EA-9DF3-86574CF37BB7}.Debug|x86.ActiveCfg = Debug|Any CPU
		{1298B0CC-36C9-44EA-9DF3-86574CF37BB7}.Debug|x86.Build.0 = Debug|Any CPU
		{1298B0CC-36C9-44EA-9DF3-86574CF37BB7}.Release|Any CPU.ActiveCfg = Release|Any CPU
		{1298B0CC-36C9-44EA-9DF3-86574CF37BB7}.Release|Any CPU.Build.0 = Release|Any CPU
		{1298B0CC-36C9-44EA-9DF3-86574CF37BB7}.Release|x64.ActiveCfg = Release|Any CPU
		{1298B0CC-36C9-44EA-9DF3-86574CF37BB7}.Release|x64.Build.0 = Release|Any CPU
		{1298B0CC-36C9-44EA-9DF3-86574CF37BB7}.Release|x86.ActiveCfg = Release|Any CPU
		{1298B0CC-36C9-44EA-9DF3-86574CF37BB7}.Release|x86.Build.0 = Release|Any CPU
		{E37C4701-A508-4925-9E76-5DBB920CD2B9}.Debug|Any CPU.ActiveCfg = Debug|Any CPU
		{E37C4701-A508-4925-9E76-5DBB920CD2B9}.Debug|Any CPU.Build.0 = Debug|Any CPU
		{E37C4701-A508-4925-9E76-5DBB920CD2B9}.Debug|x64.ActiveCfg = Debug|Any CPU
		{E37C4701-A508-4925-9E76-5DBB920CD2B9}.Debug|x64.Build.0 = Debug|Any CPU
		{E37C4701-A508-4925-9E76-5DBB920CD2B9}.Debug|x86.ActiveCfg = Debug|Any CPU
		{E37C4701-A508-4925-9E76-5DBB920CD2B9}.Debug|x86.Build.0 = Debug|Any CPU
		{E37C4701-A508-4925-9E76-5DBB920CD2B9}.Release|Any CPU.ActiveCfg = Release|Any CPU
		{E37C4701-A508-4925-9E76-5DBB920CD2B9}.Release|Any CPU.Build.0 = Release|Any CPU
		{E37C4701-A508-4925-9E76-5DBB920CD2B9}.Release|x64.ActiveCfg = Release|Any CPU
		{E37C4701-A508-4925-9E76-5DBB920CD2B9}.Release|x64.Build.0 = Release|Any CPU
		{E37C4701-A508-4925-9E76-5DBB920CD2B9}.Release|x86.ActiveCfg = Release|Any CPU
		{E37C4701-A508-4925-9E76-5DBB920CD2B9}.Release|x86.Build.0 = Release|Any CPU
	EndGlobalSection
	GlobalSection(SolutionProperties) = preSolution
		HideSolutionNode = FALSE
	EndGlobalSection
	GlobalSection(NestedProjects) = preSolution
		{2AE5AD3A-224C-40C5-A885-893B2E920ECA} = {827E0CD3-B72D-47B6-A68D-7590B98EB39B}
		{35A77C16-6289-4C43-B091-ECDE2F7CF6B9} = {827E0CD3-B72D-47B6-A68D-7590B98EB39B}
		{5E4626FB-F757-42EF-90A6-6D53F54971A7} = {827E0CD3-B72D-47B6-A68D-7590B98EB39B}
		{6BE2A255-282D-4090-8C3E-00DF7644ED99} = {827E0CD3-B72D-47B6-A68D-7590B98EB39B}
		{2E012528-7BBB-4373-A8AD-07A4066651E6} = {90F7E5FD-146B-406A-C97D-A0D358256D37}
		{3A046B0B-BEF7-D676-6CB4-BB8BAD0AF553} = {CA253913-39DE-BFD0-C9A3-4B7EC6FBDF17}
		{0FB60A5C-E003-C256-654E-81783FAB264F} = {3A046B0B-BEF7-D676-6CB4-BB8BAD0AF553}
		{98811432-8A4A-414D-9A1F-CF34FEB50BE9} = {0FB60A5C-E003-C256-654E-81783FAB264F}
		{BBFAC5CF-30BB-4A28-9061-D715AF6A6FB8} = {0FB60A5C-E003-C256-654E-81783FAB264F}
		{A6CFA397-34BD-43D5-90E3-FEAEBE65501D} = {0FB60A5C-E003-C256-654E-81783FAB264F}
		{1298B0CC-36C9-44EA-9DF3-86574CF37BB7} = {0FB60A5C-E003-C256-654E-81783FAB264F}
		{E37C4701-A508-4925-9E76-5DBB920CD2B9} = {827E0CD3-B72D-47B6-A68D-7590B98EB39B}
	EndGlobalSection
EndGlobal
